
Microsoft Visual Studio Solution File, Format Version 12.00
# Visual Studio Version 16
VisualStudioVersion = 16.0.30413.136
MinimumVisualStudioVersion = 10.0.40219.1
Project("{9A19103F-16F7-4668-BE54-9A1E7A4F7556}") = "Client", "Client\Client.csproj", "{52188E50-C437-48E0-8EF9-D7C6065F6896}"
EndProject
Project("{9A19103F-16F7-4668-BE54-9A1E7A4F7556}") = "Service", "Service\Service.csproj", "{604EDF4D-F934-4149-BF23-AB825983BFA8}"
EndProject
Project("{9A19103F-16F7-4668-BE54-9A1E7A4F7556}") = "ClientServices", "ClientService\ClientServices.csproj", "{55A9A866-655F-483D-AF42-68505F069905}"
EndProject
Global
	GlobalSection(SolutionConfigurationPlatforms) = preSolution
		Debug|Any CPU = Debug|Any CPU
		Release|Any CPU = Release|Any CPU
	EndGlobalSection
	GlobalSection(ProjectConfigurationPlatforms) = postSolution
		{52188E50-C437-48E0-8EF9-D7C6065F6896}.Debug|Any CPU.ActiveCfg = Debug|Any CPU
		{52188E50-C437-48E0-8EF9-D7C6065F6896}.Debug|Any CPU.Build.0 = Debug|Any CPU
		{52188E50-C437-48E0-8EF9-D7C6065F6896}.Release|Any CPU.ActiveCfg = Release|Any CPU
		{52188E50-C437-48E0-8EF9-D7C6065F6896}.Release|Any CPU.Build.0 = Release|Any CPU
		{604EDF4D-F934-4149-BF23-AB825983BFA8}.Debug|Any CPU.ActiveCfg = Debug|Any CPU
		{604EDF4D-F934-4149-BF23-AB825983BFA8}.Debug|Any CPU.Build.0 = Debug|Any CPU
		{604EDF4D-F934-4149-BF23-AB825983BFA8}.Release|Any CPU.ActiveCfg = Release|Any CPU
		{604EDF4D-F934-4149-BF23-AB825983BFA8}.Release|Any CPU.Build.0 = Release|Any CPU
		{55A9A866-655F-483D-AF42-68505F069905}.Debug|Any CPU.ActiveCfg = Debug|Any CPU
		{55A9A866-655F-483D-AF42-68505F069905}.Debug|Any CPU.Build.0 = Debug|Any CPU
		{55A9A866-655F-483D-AF42-68505F069905}.Release|Any CPU.ActiveCfg = Release|Any CPU
		{55A9A866-655F-483D-AF42-68505F069905}.Release|Any CPU.Build.0 = Release|Any CPU
	EndGlobalSection
	GlobalSection(SolutionProperties) = preSolution
		HideSolutionNode = FALSE
	EndGlobalSection
	GlobalSection(ExtensibilityGlobals) = postSolution
		SolutionGuid = {866B4B27-794B-4394-9955-7DCAF6847F82}
	EndGlobalSection
EndGlobal
